
Microsoft Visual Studio Solution File, Format Version 12.00
# Visual Studio Version 17
VisualStudioVersion = 17.13.35931.197 d17.13
MinimumVisualStudioVersion = 10.0.40219.1
Project("{FAE04EC0-301F-11D3-BF4B-00C04F79EFBC}") = "lab9cs", "lab9cs.csproj", "{B2B89EB7-EC01-4207-8A16-797A16C4991B}"
EndProject
Global
	GlobalSection(SolutionConfigurationPlatforms) = preSolution
		Debug|Any CPU = Debug|Any CPU
		Release|Any CPU = Release|Any CPU
	EndGlobalSection
	GlobalSection(ProjectConfigurationPlatforms) = postSolution
		{B2B89EB7-EC01-4207-8A16-797A16C4991B}.Debug|Any CPU.ActiveCfg = Debug|Any CPU
		{B2B89EB7-EC01-4207-8A16-797A16C4991B}.Debug|Any CPU.Build.0 = Debug|Any CPU
		{B2B89EB7-EC01-4207-8A16-797A16C4991B}.Release|Any CPU.ActiveCfg = Release|Any CPU
		{B2B89EB7-EC01-4207-8A16-797A16C4991B}.Release|Any CPU.Build.0 = Release|Any CPU
	EndGlobalSection
	GlobalSection(SolutionProperties) = preSolution
		HideSolutionNode = FALSE
	EndGlobalSection
	GlobalSection(ExtensibilityGlobals) = postSolution
		SolutionGuid = {6D78C531-9F9D-4047-BE0E-E283A95731D2}
	EndGlobalSection
EndGlobal
